// !$*UTF8*$!
{
	archiveVersion = 1;
	classes = {
	};
	objectVersion = 46;
	objects = {

/* Begin PBXBuildFile section */
		2DBA13B3C77FB308D7E21D75 /* Digital10bitDecoder.swift in Sources */ = {isa = PBXBuildFile; fileRef = 2DBA19767179AED9CC3E20B9 /* Digital10bitDecoder.swift */; };
		2DBA15537B9052959D9B5674 /* RawValueDecoder.swift in Sources */ = {isa = PBXBuildFile; fileRef = 2DBA1015AF82EB1293027EA5 /* RawValueDecoder.swift */; };
		2DBA16EFBC6CE14C174DF26C /* Analog10bitDecoder.swift in Sources */ = {isa = PBXBuildFile; fileRef = 2DBA13F92D8F3F2D38F1756A /* Analog10bitDecoder.swift */; };
		OBJ_59 /* Actuator.swift in Sources */ = {isa = PBXBuildFile; fileRef = OBJ_11 /* Actuator.swift */; };
		OBJ_60 /* BooleanDigitalActuator.swift in Sources */ = {isa = PBXBuildFile; fileRef = OBJ_12 /* BooleanDigitalActuator.swift */; };
		OBJ_61 /* LEDMatrixActuator.swift in Sources */ = {isa = PBXBuildFile; fileRef = OBJ_13 /* LEDMatrixActuator.swift */; };
		OBJ_62 /* LimitedAnalogActuator.swift in Sources */ = {isa = PBXBuildFile; fileRef = OBJ_14 /* LimitedAnalogActuator.swift */; };
		OBJ_63 /* QuadNumericDisplayActuator.swift in Sources */ = {isa = PBXBuildFile; fileRef = OBJ_15 /* QuadNumericDisplayActuator.swift */; };
		OBJ_64 /* Actuators.swift in Sources */ = {isa = PBXBuildFile; fileRef = OBJ_17 /* Actuators.swift */; };
		OBJ_65 /* Sensors.swift in Sources */ = {isa = PBXBuildFile; fileRef = OBJ_18 /* Sensors.swift */; };
		OBJ_66 /* IOPort.swift in Sources */ = {isa = PBXBuildFile; fileRef = OBJ_19 /* IOPort.swift */; };
		OBJ_67 /* ArduinoBoard.swift in Sources */ = {isa = PBXBuildFile; fileRef = OBJ_21 /* ArduinoBoard.swift */; };
		OBJ_68 /* PicoBoard.swift in Sources */ = {isa = PBXBuildFile; fileRef = OBJ_23 /* PicoBoard.swift */; };
		OBJ_69 /* LEDMatrixHelper.swift in Sources */ = {isa = PBXBuildFile; fileRef = OBJ_26 /* LEDMatrixHelper.swift */; };
		OBJ_70 /* QuadDisplayHelper.swift in Sources */ = {isa = PBXBuildFile; fileRef = OBJ_27 /* QuadDisplayHelper.swift */; };
		OBJ_71 /* TetraBoard.swift in Sources */ = {isa = PBXBuildFile; fileRef = OBJ_28 /* TetraBoard.swift */; };
		OBJ_72 /* TetraProtocolCommand.swift in Sources */ = {isa = PBXBuildFile; fileRef = OBJ_29 /* TetraProtocolCommand.swift */; };
		OBJ_73 /* TetraProtocolPort.swift in Sources */ = {isa = PBXBuildFile; fileRef = OBJ_30 /* TetraProtocolPort.swift */; };
		OBJ_74 /* AnalogSensorWithFiltering.swift in Sources */ = {isa = PBXBuildFile; fileRef = OBJ_32 /* AnalogSensorWithFiltering.swift */; };
		OBJ_75 /* BooleanDigitalSensor.swift in Sources */ = {isa = PBXBuildFile; fileRef = OBJ_33 /* BooleanDigitalSensor.swift */; };
		OBJ_76 /* Sensor.swift in Sources */ = {isa = PBXBuildFile; fileRef = OBJ_34 /* Sensor.swift */; };
		OBJ_77 /* SensorValue.swift in Sources */ = {isa = PBXBuildFile; fileRef = OBJ_35 /* SensorValue.swift */; };
		OBJ_78 /* Serial.swift in Sources */ = {isa = PBXBuildFile; fileRef = OBJ_37 /* Serial.swift */; };
		OBJ_79 /* TetraInterface.swift in Sources */ = {isa = PBXBuildFile; fileRef = OBJ_38 /* TetraInterface.swift */; };
		OBJ_80 /* List.swift in Sources */ = {isa = PBXBuildFile; fileRef = OBJ_40 /* List.swift */; };
		OBJ_87 /* Package.swift in Sources */ = {isa = PBXBuildFile; fileRef = OBJ_6 /* Package.swift */; };
		OBJ_93 /* Tetra.swift in Sources */ = {isa = PBXBuildFile; fileRef = OBJ_42 /* Tetra.swift */; };
		OBJ_94 /* main.swift in Sources */ = {isa = PBXBuildFile; fileRef = OBJ_43 /* main.swift */; };
		OBJ_96 /* TetraSwift.framework in Frameworks */ = {isa = PBXBuildFile; fileRef = "TetraSwift::TetraSwift::Product" /* TetraSwift.framework */; };
/* End PBXBuildFile section */

/* Begin PBXContainerItemProxy section */
		FA91381923A8D92F00F955B2 /* PBXContainerItemProxy */ = {
			isa = PBXContainerItemProxy;
			containerPortal = OBJ_1 /* Project object */;
			proxyType = 1;
			remoteGlobalIDString = TetraSwift::TetraSwift;
			remoteInfo = TetraSwift;
		};
/* End PBXContainerItemProxy section */

/* Begin PBXFileReference section */
		2DBA1015AF82EB1293027EA5 /* RawValueDecoder.swift */ = {isa = PBXFileReference; fileEncoding = 4; lastKnownFileType = sourcecode.swift; path = RawValueDecoder.swift; sourceTree = "<group>"; };
		2DBA13F92D8F3F2D38F1756A /* Analog10bitDecoder.swift */ = {isa = PBXFileReference; fileEncoding = 4; lastKnownFileType = sourcecode.swift; path = Analog10bitDecoder.swift; sourceTree = "<group>"; };
		2DBA19767179AED9CC3E20B9 /* Digital10bitDecoder.swift */ = {isa = PBXFileReference; fileEncoding = 4; lastKnownFileType = sourcecode.swift; path = Digital10bitDecoder.swift; sourceTree = "<group>"; };
		OBJ_11 /* Actuator.swift */ = {isa = PBXFileReference; lastKnownFileType = sourcecode.swift; path = Actuator.swift; sourceTree = "<group>"; };
		OBJ_12 /* BooleanDigitalActuator.swift */ = {isa = PBXFileReference; lastKnownFileType = sourcecode.swift; path = BooleanDigitalActuator.swift; sourceTree = "<group>"; };
		OBJ_13 /* LEDMatrixActuator.swift */ = {isa = PBXFileReference; lastKnownFileType = sourcecode.swift; path = LEDMatrixActuator.swift; sourceTree = "<group>"; };
		OBJ_14 /* LimitedAnalogActuator.swift */ = {isa = PBXFileReference; lastKnownFileType = sourcecode.swift; path = LimitedAnalogActuator.swift; sourceTree = "<group>"; };
		OBJ_15 /* QuadNumericDisplayActuator.swift */ = {isa = PBXFileReference; lastKnownFileType = sourcecode.swift; path = QuadNumericDisplayActuator.swift; sourceTree = "<group>"; };
		OBJ_17 /* Actuators.swift */ = {isa = PBXFileReference; lastKnownFileType = sourcecode.swift; path = Actuators.swift; sourceTree = "<group>"; };
		OBJ_18 /* Sensors.swift */ = {isa = PBXFileReference; lastKnownFileType = sourcecode.swift; path = Sensors.swift; sourceTree = "<group>"; };
		OBJ_19 /* IOPort.swift */ = {isa = PBXFileReference; lastKnownFileType = sourcecode.swift; path = IOPort.swift; sourceTree = "<group>"; };
		OBJ_21 /* ArduinoBoard.swift */ = {isa = PBXFileReference; lastKnownFileType = sourcecode.swift; path = ArduinoBoard.swift; sourceTree = "<group>"; };
		OBJ_23 /* PicoBoard.swift */ = {isa = PBXFileReference; lastKnownFileType = sourcecode.swift; path = PicoBoard.swift; sourceTree = "<group>"; };
		OBJ_26 /* LEDMatrixHelper.swift */ = {isa = PBXFileReference; lastKnownFileType = sourcecode.swift; path = LEDMatrixHelper.swift; sourceTree = "<group>"; };
		OBJ_27 /* QuadDisplayHelper.swift */ = {isa = PBXFileReference; lastKnownFileType = sourcecode.swift; path = QuadDisplayHelper.swift; sourceTree = "<group>"; };
		OBJ_28 /* TetraBoard.swift */ = {isa = PBXFileReference; lastKnownFileType = sourcecode.swift; path = TetraBoard.swift; sourceTree = "<group>"; };
		OBJ_29 /* TetraProtocolCommand.swift */ = {isa = PBXFileReference; lastKnownFileType = sourcecode.swift; path = TetraProtocolCommand.swift; sourceTree = "<group>"; };
		OBJ_30 /* TetraProtocolPort.swift */ = {isa = PBXFileReference; lastKnownFileType = sourcecode.swift; path = TetraProtocolPort.swift; sourceTree = "<group>"; };
		OBJ_32 /* AnalogSensorWithFiltering.swift */ = {isa = PBXFileReference; lastKnownFileType = sourcecode.swift; path = AnalogSensorWithFiltering.swift; sourceTree = "<group>"; };
		OBJ_33 /* BooleanDigitalSensor.swift */ = {isa = PBXFileReference; lastKnownFileType = sourcecode.swift; path = BooleanDigitalSensor.swift; sourceTree = "<group>"; };
		OBJ_34 /* Sensor.swift */ = {isa = PBXFileReference; lastKnownFileType = sourcecode.swift; path = Sensor.swift; sourceTree = "<group>"; };
		OBJ_35 /* SensorValue.swift */ = {isa = PBXFileReference; lastKnownFileType = sourcecode.swift; path = SensorValue.swift; sourceTree = "<group>"; };
		OBJ_37 /* Serial.swift */ = {isa = PBXFileReference; lastKnownFileType = sourcecode.swift; path = Serial.swift; sourceTree = "<group>"; };
		OBJ_38 /* TetraInterface.swift */ = {isa = PBXFileReference; lastKnownFileType = sourcecode.swift; path = TetraInterface.swift; sourceTree = "<group>"; };
		OBJ_40 /* List.swift */ = {isa = PBXFileReference; lastKnownFileType = sourcecode.swift; path = List.swift; sourceTree = "<group>"; };
		OBJ_42 /* Tetra.swift */ = {isa = PBXFileReference; lastKnownFileType = sourcecode.swift; path = Tetra.swift; sourceTree = "<group>"; };
		OBJ_43 /* main.swift */ = {isa = PBXFileReference; lastKnownFileType = sourcecode.swift; path = main.swift; sourceTree = "<group>"; };
		OBJ_48 /* Arduino */ = {isa = PBXFileReference; lastKnownFileType = folder; path = Arduino; sourceTree = SOURCE_ROOT; };
		OBJ_49 /* Tetra Specs */ = {isa = PBXFileReference; lastKnownFileType = folder; path = "Tetra Specs"; sourceTree = SOURCE_ROOT; };
		OBJ_50 /* ArduinoSketches */ = {isa = PBXFileReference; lastKnownFileType = folder; path = ArduinoSketches; sourceTree = SOURCE_ROOT; };
		OBJ_51 /* Application */ = {isa = PBXFileReference; lastKnownFileType = folder; path = Application; sourceTree = SOURCE_ROOT; };
		OBJ_52 /* LICENSE */ = {isa = PBXFileReference; lastKnownFileType = text; path = LICENSE; sourceTree = "<group>"; };
		OBJ_53 /* README.md */ = {isa = PBXFileReference; lastKnownFileType = net.daringfireball.markdown; path = README.md; sourceTree = "<group>"; };
		OBJ_6 /* Package.swift */ = {isa = PBXFileReference; explicitFileType = sourcecode.swift; path = Package.swift; sourceTree = "<group>"; };
		"TetraSwift::TetraSwift::Product" /* TetraSwift.framework */ = {isa = PBXFileReference; explicitFileType = wrapper.framework; path = TetraSwift.framework; sourceTree = BUILT_PRODUCTS_DIR; };
		"TetraSwift::tetra::Product" /* tetra */ = {isa = PBXFileReference; lastKnownFileType = text; path = tetra; sourceTree = BUILT_PRODUCTS_DIR; };
/* End PBXFileReference section */

/* Begin PBXFrameworksBuildPhase section */
		OBJ_81 /* Frameworks */ = {
			isa = PBXFrameworksBuildPhase;
			buildActionMask = 0;
			files = (
			);
			runOnlyForDeploymentPostprocessing = 0;
		};
		OBJ_95 /* Frameworks */ = {
			isa = PBXFrameworksBuildPhase;
			buildActionMask = 0;
			files = (
				OBJ_96 /* TetraSwift.framework in Frameworks */,
			);
			runOnlyForDeploymentPostprocessing = 0;
		};
/* End PBXFrameworksBuildPhase section */

/* Begin PBXGroup section */
		2DBA107D9B0C6C01FA054641 /* Decoders */ = {
			isa = PBXGroup;
			children = (
				2DBA13F92D8F3F2D38F1756A /* Analog10bitDecoder.swift */,
				2DBA19767179AED9CC3E20B9 /* Digital10bitDecoder.swift */,
			);
			name = Decoders;
			sourceTree = "<group>";
		};
		2DBA169A3D60566D365FED6E /* Coding */ = {
			isa = PBXGroup;
			children = (
				2DBA1015AF82EB1293027EA5 /* RawValueDecoder.swift */,
				2DBA107D9B0C6C01FA054641 /* Decoders */,
			);
			name = Coding;
			sourceTree = "<group>";
		};
		OBJ_10 /* Actuators */ = {
			isa = PBXGroup;
			children = (
				OBJ_11 /* Actuator.swift */,
				OBJ_12 /* BooleanDigitalActuator.swift */,
				OBJ_13 /* LEDMatrixActuator.swift */,
				OBJ_14 /* LimitedAnalogActuator.swift */,
				OBJ_15 /* QuadNumericDisplayActuator.swift */,
			);
			path = Actuators;
			sourceTree = "<group>";
		};
		OBJ_16 /* Devices */ = {
			isa = PBXGroup;
			children = (
				OBJ_17 /* Actuators.swift */,
				OBJ_18 /* Sensors.swift */,
			);
			path = Devices;
			sourceTree = "<group>";
		};
		OBJ_20 /* Protocols */ = {
			isa = PBXGroup;
			children = (
				OBJ_21 /* ArduinoBoard.swift */,
				OBJ_22 /* Pico */,
				OBJ_24 /* Tetra */,
			);
			path = Protocols;
			sourceTree = "<group>";
		};
		OBJ_22 /* Pico */ = {
			isa = PBXGroup;
			children = (
				OBJ_23 /* PicoBoard.swift */,
			);
			path = Pico;
			sourceTree = "<group>";
		};
		OBJ_24 /* Tetra */ = {
			isa = PBXGroup;
			children = (
				OBJ_25 /* DeviceHelpers */,
				OBJ_28 /* TetraBoard.swift */,
				OBJ_29 /* TetraProtocolCommand.swift */,
				OBJ_30 /* TetraProtocolPort.swift */,
			);
			path = Tetra;
			sourceTree = "<group>";
		};
		OBJ_25 /* DeviceHelpers */ = {
			isa = PBXGroup;
			children = (
				OBJ_26 /* LEDMatrixHelper.swift */,
				OBJ_27 /* QuadDisplayHelper.swift */,
			);
			path = DeviceHelpers;
			sourceTree = "<group>";
		};
		OBJ_31 /* Sensors */ = {
			isa = PBXGroup;
			children = (
				OBJ_32 /* AnalogSensorWithFiltering.swift */,
				OBJ_33 /* BooleanDigitalSensor.swift */,
				OBJ_34 /* Sensor.swift */,
				OBJ_35 /* SensorValue.swift */,
			);
			path = Sensors;
			sourceTree = "<group>";
		};
		OBJ_36 /* Serial */ = {
			isa = PBXGroup;
			children = (
				OBJ_37 /* Serial.swift */,
			);
			path = Serial;
			sourceTree = "<group>";
		};
		OBJ_39 /* Utils */ = {
			isa = PBXGroup;
			children = (
				OBJ_40 /* List.swift */,
			);
			path = Utils;
			sourceTree = "<group>";
		};
		OBJ_41 /* tetra */ = {
			isa = PBXGroup;
			children = (
				OBJ_42 /* Tetra.swift */,
				OBJ_43 /* main.swift */,
			);
			name = tetra;
			path = Application;
			sourceTree = SOURCE_ROOT;
		};
		OBJ_44 /* Tests */ = {
			isa = PBXGroup;
			children = (
			);
			name = Tests;
			sourceTree = SOURCE_ROOT;
		};
		OBJ_45 /* Products */ = {
			isa = PBXGroup;
			children = (
				"TetraSwift::tetra::Product" /* tetra */,
				"TetraSwift::TetraSwift::Product" /* TetraSwift.framework */,
			);
			name = Products;
			sourceTree = BUILT_PRODUCTS_DIR;
		};
		OBJ_5 /*  */ = {
			isa = PBXGroup;
			children = (
				OBJ_6 /* Package.swift */,
				OBJ_7 /* Sources */,
				OBJ_44 /* Tests */,
				OBJ_45 /* Products */,
				OBJ_48 /* Arduino */,
				OBJ_49 /* Tetra Specs */,
				OBJ_50 /* ArduinoSketches */,
				OBJ_51 /* Application */,
				OBJ_52 /* LICENSE */,
				OBJ_53 /* README.md */,
			);
			name = "";
			sourceTree = "<group>";
		};
		OBJ_7 /* Sources */ = {
			isa = PBXGroup;
			children = (
				OBJ_8 /* TetraSwift */,
				OBJ_41 /* tetra */,
			);
			name = Sources;
			sourceTree = SOURCE_ROOT;
		};
		OBJ_8 /* TetraSwift */ = {
			isa = PBXGroup;
			children = (
				OBJ_9 /* Tetra */,
			);
			name = TetraSwift;
			path = Sources;
			sourceTree = SOURCE_ROOT;
		};
		OBJ_9 /* Tetra */ = {
			isa = PBXGroup;
			children = (
				OBJ_10 /* Actuators */,
				OBJ_16 /* Devices */,
				OBJ_20 /* Protocols */,
				OBJ_31 /* Sensors */,
				OBJ_36 /* Serial */,
				OBJ_39 /* Utils */,
				OBJ_19 /* IOPort.swift */,
				OBJ_38 /* TetraInterface.swift */,
				2DBA169A3D60566D365FED6E /* Coding */,
			);
			path = Tetra;
			sourceTree = "<group>";
		};
/* End PBXGroup section */

/* Begin PBXNativeTarget section */
		"TetraSwift::SwiftPMPackageDescription" /* TetraSwiftPackageDescription */ = {
			isa = PBXNativeTarget;
			buildConfigurationList = OBJ_83 /* Build configuration list for PBXNativeTarget "TetraSwiftPackageDescription" */;
			buildPhases = (
				OBJ_86 /* Sources */,
			);
			buildRules = (
			);
			dependencies = (
			);
			name = TetraSwiftPackageDescription;
			productName = TetraSwiftPackageDescription;
			productType = "com.apple.product-type.framework";
		};
		"TetraSwift::TetraSwift" /* TetraSwift */ = {
			isa = PBXNativeTarget;
			buildConfigurationList = OBJ_55 /* Build configuration list for PBXNativeTarget "TetraSwift" */;
			buildPhases = (
				OBJ_58 /* Sources */,
				OBJ_81 /* Frameworks */,
			);
			buildRules = (
			);
			dependencies = (
			);
			name = TetraSwift;
			productName = TetraSwift;
			productReference = "TetraSwift::TetraSwift::Product" /* TetraSwift.framework */;
			productType = "com.apple.product-type.framework";
		};
		"TetraSwift::tetra" /* tetra */ = {
			isa = PBXNativeTarget;
			buildConfigurationList = OBJ_89 /* Build configuration list for PBXNativeTarget "tetra" */;
			buildPhases = (
				OBJ_92 /* Sources */,
				OBJ_95 /* Frameworks */,
			);
			buildRules = (
			);
			dependencies = (
				OBJ_97 /* PBXTargetDependency */,
			);
			name = tetra;
			productName = tetra;
			productReference = "TetraSwift::tetra::Product" /* tetra */;
			productType = "com.apple.product-type.tool";
		};
/* End PBXNativeTarget section */

/* Begin PBXProject section */
		OBJ_1 /* Project object */ = {
			isa = PBXProject;
			attributes = {
				LastSwiftMigration = 9999;
				LastUpgradeCheck = 9999;
			};
			buildConfigurationList = OBJ_2 /* Build configuration list for PBXProject "TetraSwift" */;
			compatibilityVersion = "Xcode 3.2";
			developmentRegion = en;
			hasScannedForEncodings = 0;
			knownRegions = (
				en,
			);
			mainGroup = OBJ_5 /*  */;
			productRefGroup = OBJ_45 /* Products */;
			projectDirPath = "";
			projectRoot = "";
			targets = (
				"TetraSwift::TetraSwift" /* TetraSwift */,
				"TetraSwift::SwiftPMPackageDescription" /* TetraSwiftPackageDescription */,
				"TetraSwift::tetra" /* tetra */,
			);
		};
/* End PBXProject section */

/* Begin PBXSourcesBuildPhase section */
		OBJ_58 /* Sources */ = {
			isa = PBXSourcesBuildPhase;
			buildActionMask = 0;
			files = (
				OBJ_59 /* Actuator.swift in Sources */,
				OBJ_60 /* BooleanDigitalActuator.swift in Sources */,
				OBJ_61 /* LEDMatrixActuator.swift in Sources */,
				OBJ_62 /* LimitedAnalogActuator.swift in Sources */,
				OBJ_63 /* QuadNumericDisplayActuator.swift in Sources */,
				OBJ_64 /* Actuators.swift in Sources */,
				OBJ_65 /* Sensors.swift in Sources */,
				OBJ_66 /* IOPort.swift in Sources */,
				OBJ_67 /* ArduinoBoard.swift in Sources */,
				OBJ_68 /* PicoBoard.swift in Sources */,
				OBJ_69 /* LEDMatrixHelper.swift in Sources */,
				OBJ_70 /* QuadDisplayHelper.swift in Sources */,
				OBJ_71 /* TetraBoard.swift in Sources */,
				OBJ_72 /* TetraProtocolCommand.swift in Sources */,
				OBJ_73 /* TetraProtocolPort.swift in Sources */,
				OBJ_74 /* AnalogSensorWithFiltering.swift in Sources */,
				OBJ_75 /* BooleanDigitalSensor.swift in Sources */,
				OBJ_76 /* Sensor.swift in Sources */,
				OBJ_77 /* SensorValue.swift in Sources */,
				OBJ_78 /* Serial.swift in Sources */,
				OBJ_79 /* TetraInterface.swift in Sources */,
				OBJ_80 /* List.swift in Sources */,
				2DBA15537B9052959D9B5674 /* RawValueDecoder.swift in Sources */,
				2DBA16EFBC6CE14C174DF26C /* Analog10bitDecoder.swift in Sources */,
				2DBA13B3C77FB308D7E21D75 /* Digital10bitDecoder.swift in Sources */,
			);
			runOnlyForDeploymentPostprocessing = 0;
		};
		OBJ_86 /* Sources */ = {
			isa = PBXSourcesBuildPhase;
			buildActionMask = 0;
			files = (
				OBJ_87 /* Package.swift in Sources */,
			);
			runOnlyForDeploymentPostprocessing = 0;
		};
		OBJ_92 /* Sources */ = {
			isa = PBXSourcesBuildPhase;
			buildActionMask = 0;
			files = (
				OBJ_93 /* Tetra.swift in Sources */,
				OBJ_94 /* main.swift in Sources */,
			);
			runOnlyForDeploymentPostprocessing = 0;
		};
/* End PBXSourcesBuildPhase section */

/* Begin PBXTargetDependency section */
		OBJ_97 /* PBXTargetDependency */ = {
			isa = PBXTargetDependency;
			target = "TetraSwift::TetraSwift" /* TetraSwift */;
			targetProxy = FA91381923A8D92F00F955B2 /* PBXContainerItemProxy */;
		};
/* End PBXTargetDependency section */

/* Begin XCBuildConfiguration section */
		OBJ_3 /* Debug */ = {
			isa = XCBuildConfiguration;
			buildSettings = {
				CLANG_ENABLE_OBJC_ARC = YES;
				COMBINE_HIDPI_IMAGES = YES;
				COPY_PHASE_STRIP = NO;
				DEBUG_INFORMATION_FORMAT = dwarf;
				DYLIB_INSTALL_NAME_BASE = "@rpath";
				ENABLE_NS_ASSERTIONS = YES;
				GCC_OPTIMIZATION_LEVEL = 0;
				GCC_PREPROCESSOR_DEFINITIONS = (
					"$(inherited)",
					"SWIFT_PACKAGE=1",
					"DEBUG=1",
				);
				MACOSX_DEPLOYMENT_TARGET = 10.10;
				ONLY_ACTIVE_ARCH = YES;
				OTHER_SWIFT_FLAGS = "$(inherited) -DXcode";
				PRODUCT_NAME = "$(TARGET_NAME)";
				SDKROOT = macosx;
				SUPPORTED_PLATFORMS = "macosx iphoneos iphonesimulator appletvos appletvsimulator watchos watchsimulator";
				SWIFT_ACTIVE_COMPILATION_CONDITIONS = "$(inherited) SWIFT_PACKAGE DEBUG";
				SWIFT_OPTIMIZATION_LEVEL = "-Onone";
				USE_HEADERMAP = NO;
			};
			name = Debug;
		};
		OBJ_4 /* Release */ = {
			isa = XCBuildConfiguration;
			buildSettings = {
				CLANG_ENABLE_OBJC_ARC = YES;
				COMBINE_HIDPI_IMAGES = YES;
				COPY_PHASE_STRIP = YES;
				DEBUG_INFORMATION_FORMAT = "dwarf-with-dsym";
				DYLIB_INSTALL_NAME_BASE = "@rpath";
				GCC_OPTIMIZATION_LEVEL = s;
				GCC_PREPROCESSOR_DEFINITIONS = (
					"$(inherited)",
					"SWIFT_PACKAGE=1",
				);
				MACOSX_DEPLOYMENT_TARGET = 10.10;
				OTHER_SWIFT_FLAGS = "$(inherited) -DXcode";
				PRODUCT_NAME = "$(TARGET_NAME)";
				SDKROOT = macosx;
				SUPPORTED_PLATFORMS = "macosx iphoneos iphonesimulator appletvos appletvsimulator watchos watchsimulator";
				SWIFT_ACTIVE_COMPILATION_CONDITIONS = "$(inherited) SWIFT_PACKAGE";
				SWIFT_OPTIMIZATION_LEVEL = "-Owholemodule";
				USE_HEADERMAP = NO;
			};
			name = Release;
		};
		OBJ_56 /* Debug */ = {
			isa = XCBuildConfiguration;
			buildSettings = {
				CLANG_ENABLE_MODULES = YES;
				DEFINES_MODULE = YES;
				ENABLE_TESTABILITY = YES;
				FRAMEWORK_SEARCH_PATHS = (
					"$(inherited)",
					"$(PLATFORM_DIR)/Developer/Library/Frameworks",
				);
				HEADER_SEARCH_PATHS = "$(inherited)";
				INFOPLIST_FILE = TetraSwift.xcodeproj/TetraSwift_Info.plist;
				IPHONEOS_DEPLOYMENT_TARGET = 8.0;
				LD_RUNPATH_SEARCH_PATHS = "$(inherited) $(TOOLCHAIN_DIR)/usr/lib/swift/macosx";
				MACH_O_TYPE = staticlib;
				MACOSX_DEPLOYMENT_TARGET = 10.15;
				OTHER_CFLAGS = "$(inherited)";
				OTHER_LDFLAGS = "$(inherited)";
				OTHER_SWIFT_FLAGS = "$(inherited)";
				PRODUCT_BUNDLE_IDENTIFIER = TetraSwift;
				PRODUCT_MODULE_NAME = "$(TARGET_NAME:c99extidentifier)";
				PRODUCT_NAME = "$(TARGET_NAME:c99extidentifier)";
				SKIP_INSTALL = YES;
				SWIFT_ACTIVE_COMPILATION_CONDITIONS = "$(inherited)";
				SWIFT_INSTALL_OBJC_HEADER = NO;
				SWIFT_VERSION = 5.0;
				TARGET_NAME = TetraSwift;
				TVOS_DEPLOYMENT_TARGET = 9.0;
				WATCHOS_DEPLOYMENT_TARGET = 2.0;
			};
			name = Debug;
		};
		OBJ_57 /* Release */ = {
			isa = XCBuildConfiguration;
			buildSettings = {
				CLANG_ENABLE_MODULES = YES;
				DEFINES_MODULE = YES;
				ENABLE_TESTABILITY = YES;
				FRAMEWORK_SEARCH_PATHS = (
					"$(inherited)",
					"$(PLATFORM_DIR)/Developer/Library/Frameworks",
				);
				HEADER_SEARCH_PATHS = "$(inherited)";
				INFOPLIST_FILE = TetraSwift.xcodeproj/TetraSwift_Info.plist;
				IPHONEOS_DEPLOYMENT_TARGET = 8.0;
				LD_RUNPATH_SEARCH_PATHS = "$(inherited) $(TOOLCHAIN_DIR)/usr/lib/swift/macosx";
				MACH_O_TYPE = staticlib;
				MACOSX_DEPLOYMENT_TARGET = 10.15;
				OTHER_CFLAGS = "$(inherited)";
				OTHER_LDFLAGS = "$(inherited)";
				OTHER_SWIFT_FLAGS = "$(inherited)";
				PRODUCT_BUNDLE_IDENTIFIER = TetraSwift;
				PRODUCT_MODULE_NAME = "$(TARGET_NAME:c99extidentifier)";
				PRODUCT_NAME = "$(TARGET_NAME:c99extidentifier)";
				SKIP_INSTALL = YES;
				SWIFT_ACTIVE_COMPILATION_CONDITIONS = "$(inherited)";
				SWIFT_INSTALL_OBJC_HEADER = NO;
				SWIFT_VERSION = 5.0;
				TARGET_NAME = TetraSwift;
				TVOS_DEPLOYMENT_TARGET = 9.0;
				WATCHOS_DEPLOYMENT_TARGET = 2.0;
			};
			name = Release;
		};
		OBJ_84 /* Debug */ = {
			isa = XCBuildConfiguration;
			buildSettings = {
				LD = /usr/bin/true;
				OTHER_SWIFT_FLAGS = "-swift-version 5 -I $(TOOLCHAIN_DIR)/usr/lib/swift/pm/4_2 -target x86_64-apple-macosx10.10 -sdk /Applications/Xcode.11.3.app/Contents/Developer/Platforms/MacOSX.platform/Developer/SDKs/MacOSX10.15.sdk -package-description-version 5.1";
				SWIFT_VERSION = 5.0;
			};
			name = Debug;
		};
		OBJ_85 /* Release */ = {
			isa = XCBuildConfiguration;
			buildSettings = {
				LD = /usr/bin/true;
				OTHER_SWIFT_FLAGS = "-swift-version 5 -I $(TOOLCHAIN_DIR)/usr/lib/swift/pm/4_2 -target x86_64-apple-macosx10.10 -sdk /Applications/Xcode.11.3.app/Contents/Developer/Platforms/MacOSX.platform/Developer/SDKs/MacOSX10.15.sdk -package-description-version 5.1";
				SWIFT_VERSION = 5.0;
			};
			name = Release;
		};
		OBJ_90 /* Debug */ = {
			isa = XCBuildConfiguration;
			buildSettings = {
				FRAMEWORK_SEARCH_PATHS = (
					"$(inherited)",
					"$(PLATFORM_DIR)/Developer/Library/Frameworks",
				);
				HEADER_SEARCH_PATHS = "$(inherited)";
				INFOPLIST_FILE = TetraSwift.xcodeproj/tetra_Info.plist;
				IPHONEOS_DEPLOYMENT_TARGET = 8.0;
				LD_RUNPATH_SEARCH_PATHS = "$(inherited) $(TOOLCHAIN_DIR)/usr/lib/swift/macosx @executable_path";
				MACOSX_DEPLOYMENT_TARGET = 10.15;
				OTHER_CFLAGS = "$(inherited)";
				OTHER_LDFLAGS = "$(inherited)";
				OTHER_SWIFT_FLAGS = "$(inherited)";
				SWIFT_ACTIVE_COMPILATION_CONDITIONS = "$(inherited)";
				SWIFT_FORCE_DYNAMIC_LINK_STDLIB = YES;
				SWIFT_FORCE_STATIC_LINK_STDLIB = NO;
				SWIFT_VERSION = 5.0;
				TARGET_NAME = tetra;
				TVOS_DEPLOYMENT_TARGET = 9.0;
				WATCHOS_DEPLOYMENT_TARGET = 2.0;
			};
			name = Debug;
		};
		OBJ_91 /* Release */ = {
			isa = XCBuildConfiguration;
			buildSettings = {
				FRAMEWORK_SEARCH_PATHS = (
					"$(inherited)",
					"$(PLATFORM_DIR)/Developer/Library/Frameworks",
				);
				HEADER_SEARCH_PATHS = "$(inherited)";
				INFOPLIST_FILE = TetraSwift.xcodeproj/tetra_Info.plist;
				IPHONEOS_DEPLOYMENT_TARGET = 8.0;
				LD_RUNPATH_SEARCH_PATHS = "$(inherited) $(TOOLCHAIN_DIR)/usr/lib/swift/macosx @executable_path";
				MACOSX_DEPLOYMENT_TARGET = 10.15;
				OTHER_CFLAGS = "$(inherited)";
				OTHER_LDFLAGS = "$(inherited)";
				OTHER_SWIFT_FLAGS = "$(inherited)";
				SWIFT_ACTIVE_COMPILATION_CONDITIONS = "$(inherited)";
				SWIFT_FORCE_DYNAMIC_LINK_STDLIB = YES;
				SWIFT_FORCE_STATIC_LINK_STDLIB = NO;
				SWIFT_VERSION = 5.0;
				TARGET_NAME = tetra;
				TVOS_DEPLOYMENT_TARGET = 9.0;
				WATCHOS_DEPLOYMENT_TARGET = 2.0;
			};
			name = Release;
		};
/* End XCBuildConfiguration section */

/* Begin XCConfigurationList section */
		OBJ_2 /* Build configuration list for PBXProject "TetraSwift" */ = {
			isa = XCConfigurationList;
			buildConfigurations = (
				OBJ_3 /* Debug */,
				OBJ_4 /* Release */,
			);
			defaultConfigurationIsVisible = 0;
			defaultConfigurationName = Release;
		};
		OBJ_55 /* Build configuration list for PBXNativeTarget "TetraSwift" */ = {
			isa = XCConfigurationList;
			buildConfigurations = (
				OBJ_56 /* Debug */,
				OBJ_57 /* Release */,
			);
			defaultConfigurationIsVisible = 0;
			defaultConfigurationName = Release;
		};
		OBJ_83 /* Build configuration list for PBXNativeTarget "TetraSwiftPackageDescription" */ = {
			isa = XCConfigurationList;
			buildConfigurations = (
				OBJ_84 /* Debug */,
				OBJ_85 /* Release */,
			);
			defaultConfigurationIsVisible = 0;
			defaultConfigurationName = Release;
		};
		OBJ_89 /* Build configuration list for PBXNativeTarget "tetra" */ = {
			isa = XCConfigurationList;
			buildConfigurations = (
				OBJ_90 /* Debug */,
				OBJ_91 /* Release */,
			);
			defaultConfigurationIsVisible = 0;
			defaultConfigurationName = Release;
		};
/* End XCConfigurationList section */
	};
	rootObject = OBJ_1 /* Project object */;
}
