// !$*UTF8*$!
{
	archiveVersion = 1;
	classes = {
	};
	objectVersion = 46;
	objects = {

/* Begin PBXAggregateTarget section */
		"TetraSwift::tetracli::ProductTarget" /* tetracli */ = {
			isa = PBXAggregateTarget;
			buildConfigurationList = OBJ_78 /* Build configuration list for PBXAggregateTarget "tetracli" */;
			buildPhases = (
			);
			dependencies = (
				OBJ_81 /* PBXTargetDependency */,
			);
			name = tetracli;
			productName = tetracli;
		};
/* End PBXAggregateTarget section */

/* Begin PBXBuildFile section */
		2DBA105AAD13707872D6F822 /* QuadNumericDisplayActuator.swift in Sources */ = {isa = PBXBuildFile; fileRef = 2DBA1735103047AE03502D1F /* QuadNumericDisplayActuator.swift */; };
		2DBA11C1CE11B2C09EAD492F /* LimitedAnalogActuator.swift in Sources */ = {isa = PBXBuildFile; fileRef = 2DBA197DB7C9C7EE3D8384FF /* LimitedAnalogActuator.swift */; };
		2DBA1228902508767203BCAD /* LEDMatrixActuator.swift in Sources */ = {isa = PBXBuildFile; fileRef = 2DBA11E9F4376C9A714DD86B /* LEDMatrixActuator.swift */; };
		2DBA13FEE8465344DFE68D73 /* Sensor.swift in Sources */ = {isa = PBXBuildFile; fileRef = 2DBA1E3ADE70A6B5741966E1 /* Sensor.swift */; };
		2DBA1430F44552087038C2FE /* AnalogSensorWithFiltering.swift in Sources */ = {isa = PBXBuildFile; fileRef = 2DBA1482499018FD924874A4 /* AnalogSensorWithFiltering.swift */; };
		2DBA159D6E8195FA3457D4A0 /* BooleanDigitalSensor.swift in Sources */ = {isa = PBXBuildFile; fileRef = 2DBA1B879DE0C4F136980DC9 /* BooleanDigitalSensor.swift */; };
		2DBA186F07C2A5EE46502507 /* Actuator.swift in Sources */ = {isa = PBXBuildFile; fileRef = 2DBA17C845C4CF004B053C7D /* Actuator.swift */; };
		2DBA19B236914BEDC5C8660E /* Sensors.swift in Sources */ = {isa = PBXBuildFile; fileRef = 2DBA1D4B9627C339A73D16AB /* Sensors.swift */; };
		2DBA1AD990DF13B973D67577 /* Actuators.swift in Sources */ = {isa = PBXBuildFile; fileRef = 2DBA1B03BEEE82EC23DAC1AC /* Actuators.swift */; };
		2DBA1AF6B01C8AA6C7282366 /* SensorValue.swift in Sources */ = {isa = PBXBuildFile; fileRef = 2DBA10DF047A2327B7814D24 /* SensorValue.swift */; };
		2DBA1BFEBAB6DB44B453C33E /* IdentifiableDevice.swift in Sources */ = {isa = PBXBuildFile; fileRef = 2DBA1ACEB5E5822DB7555A10 /* IdentifiableDevice.swift */; };
		2DBA1CEAAAB0F68DE298EB67 /* Tetra.swift in Sources */ = {isa = PBXBuildFile; fileRef = 2DBA1BDF1E99FF855679096D /* Tetra.swift */; };
		2DBA1DB25BD63B976C8D6063 /* DeviceKind.swift in Sources */ = {isa = PBXBuildFile; fileRef = 2DBA10323CEAE78BD97478C6 /* DeviceKind.swift */; };
		2DBA1FD28E8F39462ED09F9C /* BooleanDigitalActuator.swift in Sources */ = {isa = PBXBuildFile; fileRef = 2DBA1E63C4C19053A7257592 /* BooleanDigitalActuator.swift */; };
		FA1BF79F23A3C7F400C5963A /* IOPort.swift in Sources */ = {isa = PBXBuildFile; fileRef = FA1BF78823A3C7F400C5963A /* IOPort.swift */; };
		FA1BF7A123A3C7F400C5963A /* List.swift in Sources */ = {isa = PBXBuildFile; fileRef = FA1BF78B23A3C7F400C5963A /* List.swift */; };
		FA1BF7A223A3C7F400C5963A /* TetraInterface.swift in Sources */ = {isa = PBXBuildFile; fileRef = FA1BF78C23A3C7F400C5963A /* TetraInterface.swift */; };
		FA1BF7A423A3C7F400C5963A /* PicoBoard.swift in Sources */ = {isa = PBXBuildFile; fileRef = FA1BF79023A3C7F400C5963A /* PicoBoard.swift */; };
		FA1BF7A523A3C7F400C5963A /* TetraProtocolPort.swift in Sources */ = {isa = PBXBuildFile; fileRef = FA1BF79223A3C7F400C5963A /* TetraProtocolPort.swift */; };
		FA1BF7A623A3C7F400C5963A /* TetraBoard.swift in Sources */ = {isa = PBXBuildFile; fileRef = FA1BF79323A3C7F400C5963A /* TetraBoard.swift */; };
		FA1BF7A723A3C7F400C5963A /* TetraProtocolCommand.swift in Sources */ = {isa = PBXBuildFile; fileRef = FA1BF79423A3C7F400C5963A /* TetraProtocolCommand.swift */; };
		FA1BF7A823A3C7F400C5963A /* QuadDisplayHelper.swift in Sources */ = {isa = PBXBuildFile; fileRef = FA1BF79623A3C7F400C5963A /* QuadDisplayHelper.swift */; };
		FA1BF7A923A3C7F400C5963A /* LEDMatrixHelper.swift in Sources */ = {isa = PBXBuildFile; fileRef = FA1BF79723A3C7F400C5963A /* LEDMatrixHelper.swift */; };
		FA1BF7AA23A3C7F400C5963A /* ArduinoBoard.swift in Sources */ = {isa = PBXBuildFile; fileRef = FA1BF79823A3C7F400C5963A /* ArduinoBoard.swift */; };
		FA1BF7AB23A3C7F400C5963A /* Serial.swift in Sources */ = {isa = PBXBuildFile; fileRef = FA1BF79A23A3C7F400C5963A /* Serial.swift */; };
		FA1BF7AC23A3C80F00C5963A /* main.swift in Sources */ = {isa = PBXBuildFile; fileRef = FA1BF78023A3C7F400C5963A /* main.swift */; };
		OBJ_48 /* TetraSwift.framework in Frameworks */ = {isa = PBXBuildFile; fileRef = "TetraSwift::TetraSwift::Product" /* TetraSwift.framework */; };
		OBJ_76 /* Package.swift in Sources */ = {isa = PBXBuildFile; fileRef = OBJ_6 /* Package.swift */; };
/* End PBXBuildFile section */

/* Begin PBXContainerItemProxy section */
		FA65AD1C239C4E7900CE2E10 /* PBXContainerItemProxy */ = {
			isa = PBXContainerItemProxy;
			containerPortal = OBJ_1 /* Project object */;
			proxyType = 1;
			remoteGlobalIDString = TetraSwift::TetraSwift;
			remoteInfo = TetraSwift;
		};
		FA65AD1D239C4E7C00CE2E10 /* PBXContainerItemProxy */ = {
			isa = PBXContainerItemProxy;
			containerPortal = OBJ_1 /* Project object */;
			proxyType = 1;
			remoteGlobalIDString = TetraSwift::TetraCLI;
			remoteInfo = TetraCLI;
		};
/* End PBXContainerItemProxy section */

/* Begin PBXFileReference section */
		2DBA10323CEAE78BD97478C6 /* DeviceKind.swift */ = {isa = PBXFileReference; fileEncoding = 4; lastKnownFileType = sourcecode.swift; path = DeviceKind.swift; sourceTree = "<group>"; };
		2DBA10DF047A2327B7814D24 /* SensorValue.swift */ = {isa = PBXFileReference; fileEncoding = 4; lastKnownFileType = sourcecode.swift; path = SensorValue.swift; sourceTree = "<group>"; };
		2DBA11E9F4376C9A714DD86B /* LEDMatrixActuator.swift */ = {isa = PBXFileReference; fileEncoding = 4; lastKnownFileType = sourcecode.swift; path = LEDMatrixActuator.swift; sourceTree = "<group>"; };
		2DBA1482499018FD924874A4 /* AnalogSensorWithFiltering.swift */ = {isa = PBXFileReference; fileEncoding = 4; lastKnownFileType = sourcecode.swift; path = AnalogSensorWithFiltering.swift; sourceTree = "<group>"; };
		2DBA1735103047AE03502D1F /* QuadNumericDisplayActuator.swift */ = {isa = PBXFileReference; fileEncoding = 4; lastKnownFileType = sourcecode.swift; path = QuadNumericDisplayActuator.swift; sourceTree = "<group>"; };
		2DBA17C845C4CF004B053C7D /* Actuator.swift */ = {isa = PBXFileReference; fileEncoding = 4; lastKnownFileType = sourcecode.swift; path = Actuator.swift; sourceTree = "<group>"; };
		2DBA197DB7C9C7EE3D8384FF /* LimitedAnalogActuator.swift */ = {isa = PBXFileReference; fileEncoding = 4; lastKnownFileType = sourcecode.swift; path = LimitedAnalogActuator.swift; sourceTree = "<group>"; };
		2DBA1ACEB5E5822DB7555A10 /* IdentifiableDevice.swift */ = {isa = PBXFileReference; fileEncoding = 4; lastKnownFileType = sourcecode.swift; path = IdentifiableDevice.swift; sourceTree = "<group>"; };
		2DBA1B03BEEE82EC23DAC1AC /* Actuators.swift */ = {isa = PBXFileReference; fileEncoding = 4; lastKnownFileType = sourcecode.swift; path = Actuators.swift; sourceTree = "<group>"; };
		2DBA1B879DE0C4F136980DC9 /* BooleanDigitalSensor.swift */ = {isa = PBXFileReference; fileEncoding = 4; lastKnownFileType = sourcecode.swift; path = BooleanDigitalSensor.swift; sourceTree = "<group>"; };
		2DBA1BDF1E99FF855679096D /* Tetra.swift */ = {isa = PBXFileReference; fileEncoding = 4; lastKnownFileType = sourcecode.swift; path = Tetra.swift; sourceTree = "<group>"; };
		2DBA1D4B9627C339A73D16AB /* Sensors.swift */ = {isa = PBXFileReference; fileEncoding = 4; lastKnownFileType = sourcecode.swift; path = Sensors.swift; sourceTree = "<group>"; };
		2DBA1E3ADE70A6B5741966E1 /* Sensor.swift */ = {isa = PBXFileReference; fileEncoding = 4; lastKnownFileType = sourcecode.swift; path = Sensor.swift; sourceTree = "<group>"; };
		2DBA1E63C4C19053A7257592 /* BooleanDigitalActuator.swift */ = {isa = PBXFileReference; fileEncoding = 4; lastKnownFileType = sourcecode.swift; path = BooleanDigitalActuator.swift; sourceTree = "<group>"; };
		FA1BF78023A3C7F400C5963A /* main.swift */ = {isa = PBXFileReference; fileEncoding = 4; lastKnownFileType = sourcecode.swift; path = main.swift; sourceTree = "<group>"; };
		FA1BF78223A3C7F400C5963A /* TetraBoardTests.swift */ = {isa = PBXFileReference; fileEncoding = 4; lastKnownFileType = sourcecode.swift; path = TetraBoardTests.swift; sourceTree = "<group>"; };
		FA1BF78823A3C7F400C5963A /* IOPort.swift */ = {isa = PBXFileReference; fileEncoding = 4; lastKnownFileType = sourcecode.swift; path = IOPort.swift; sourceTree = "<group>"; };
		FA1BF78B23A3C7F400C5963A /* List.swift */ = {isa = PBXFileReference; fileEncoding = 4; lastKnownFileType = sourcecode.swift; path = List.swift; sourceTree = "<group>"; };
		FA1BF78C23A3C7F400C5963A /* TetraInterface.swift */ = {isa = PBXFileReference; fileEncoding = 4; lastKnownFileType = sourcecode.swift; path = TetraInterface.swift; sourceTree = "<group>"; };
		FA1BF79023A3C7F400C5963A /* PicoBoard.swift */ = {isa = PBXFileReference; fileEncoding = 4; lastKnownFileType = sourcecode.swift; path = PicoBoard.swift; sourceTree = "<group>"; };
		FA1BF79223A3C7F400C5963A /* TetraProtocolPort.swift */ = {isa = PBXFileReference; fileEncoding = 4; lastKnownFileType = sourcecode.swift; path = TetraProtocolPort.swift; sourceTree = "<group>"; };
		FA1BF79323A3C7F400C5963A /* TetraBoard.swift */ = {isa = PBXFileReference; fileEncoding = 4; lastKnownFileType = sourcecode.swift; path = TetraBoard.swift; sourceTree = "<group>"; };
		FA1BF79423A3C7F400C5963A /* TetraProtocolCommand.swift */ = {isa = PBXFileReference; fileEncoding = 4; lastKnownFileType = sourcecode.swift; path = TetraProtocolCommand.swift; sourceTree = "<group>"; };
		FA1BF79623A3C7F400C5963A /* QuadDisplayHelper.swift */ = {isa = PBXFileReference; fileEncoding = 4; lastKnownFileType = sourcecode.swift; path = QuadDisplayHelper.swift; sourceTree = "<group>"; };
		FA1BF79723A3C7F400C5963A /* LEDMatrixHelper.swift */ = {isa = PBXFileReference; fileEncoding = 4; lastKnownFileType = sourcecode.swift; path = LEDMatrixHelper.swift; sourceTree = "<group>"; };
		FA1BF79823A3C7F400C5963A /* ArduinoBoard.swift */ = {isa = PBXFileReference; fileEncoding = 4; lastKnownFileType = sourcecode.swift; path = ArduinoBoard.swift; sourceTree = "<group>"; };
		FA1BF79A23A3C7F400C5963A /* Serial.swift */ = {isa = PBXFileReference; fileEncoding = 4; lastKnownFileType = sourcecode.swift; path = Serial.swift; sourceTree = "<group>"; };
		OBJ_39 /* LICENSE */ = {isa = PBXFileReference; lastKnownFileType = text; path = LICENSE; sourceTree = "<group>"; };
		OBJ_40 /* README.md */ = {isa = PBXFileReference; lastKnownFileType = net.daringfireball.markdown; path = README.md; sourceTree = "<group>"; };
		OBJ_6 /* Package.swift */ = {isa = PBXFileReference; explicitFileType = sourcecode.swift; path = Package.swift; sourceTree = "<group>"; };
		"TetraSwift::TetraCLI::Product" /* TetraCLI */ = {isa = PBXFileReference; explicitFileType = "compiled.mach-o.executable"; path = TetraCLI; sourceTree = BUILT_PRODUCTS_DIR; };
		"TetraSwift::TetraSwift::Product" /* TetraSwift.framework */ = {isa = PBXFileReference; explicitFileType = wrapper.framework; path = TetraSwift.framework; sourceTree = BUILT_PRODUCTS_DIR; };
/* End PBXFileReference section */

/* Begin PBXFrameworksBuildPhase section */
		OBJ_47 /* Frameworks */ = {
			isa = PBXFrameworksBuildPhase;
			buildActionMask = 0;
			files = (
				OBJ_48 /* TetraSwift.framework in Frameworks */,
			);
			runOnlyForDeploymentPostprocessing = 0;
		};
		OBJ_70 /* Frameworks */ = {
			isa = PBXFrameworksBuildPhase;
			buildActionMask = 0;
			files = (
			);
			runOnlyForDeploymentPostprocessing = 0;
		};
/* End PBXFrameworksBuildPhase section */

/* Begin PBXGroup section */
		2DBA114250EFB6E8A8CF9817 /* Actuators */ = {
			isa = PBXGroup;
			children = (
				2DBA17C845C4CF004B053C7D /* Actuator.swift */,
				2DBA197DB7C9C7EE3D8384FF /* LimitedAnalogActuator.swift */,
				2DBA1E63C4C19053A7257592 /* BooleanDigitalActuator.swift */,
				2DBA1735103047AE03502D1F /* QuadNumericDisplayActuator.swift */,
				2DBA11E9F4376C9A714DD86B /* LEDMatrixActuator.swift */,
			);
			path = Actuators;
			sourceTree = "<group>";
		};
		2DBA13EE1EFD4ED101AFA061 /* Devices */ = {
			isa = PBXGroup;
			children = (
				2DBA1D4B9627C339A73D16AB /* Sensors.swift */,
				2DBA1B03BEEE82EC23DAC1AC /* Actuators.swift */,
				2DBA10323CEAE78BD97478C6 /* DeviceKind.swift */,
			);
			path = Devices;
			sourceTree = "<group>";
		};
		FA1BF77F23A3C7F400C5963A /* Application */ = {
			isa = PBXGroup;
			children = (
				FA1BF78023A3C7F400C5963A /* main.swift */,
				2DBA1BDF1E99FF855679096D /* Tetra.swift */,
			);
			path = Application;
			sourceTree = "<group>";
		};
		FA1BF78123A3C7F400C5963A /* Tests */ = {
			isa = PBXGroup;
			children = (
				FA1BF78223A3C7F400C5963A /* TetraBoardTests.swift */,
			);
			path = Tests;
			sourceTree = "<group>";
		};
		FA1BF78323A3C7F400C5963A /* Sources */ = {
			isa = PBXGroup;
			children = (
				FA1BF78423A3C7F400C5963A /* Tetra */,
			);
			path = Sources;
			sourceTree = "<group>";
		};
		FA1BF78423A3C7F400C5963A /* Tetra */ = {
			isa = PBXGroup;
			children = (
				FA1BF78723A3C7F400C5963A /* Sensors */,
				FA1BF78A23A3C7F400C5963A /* Utils */,
				FA1BF78E23A3C7F400C5963A /* Protocols */,
				FA1BF79923A3C7F400C5963A /* Serial */,
				FA1BF78823A3C7F400C5963A /* IOPort.swift */,
				FA1BF78C23A3C7F400C5963A /* TetraInterface.swift */,
				2DBA114250EFB6E8A8CF9817 /* Actuators */,
				2DBA13EE1EFD4ED101AFA061 /* Devices */,
			);
			path = Tetra;
			sourceTree = "<group>";
		};
		FA1BF78723A3C7F400C5963A /* Sensors */ = {
			isa = PBXGroup;
			children = (
				2DBA1E3ADE70A6B5741966E1 /* Sensor.swift */,
				2DBA1482499018FD924874A4 /* AnalogSensorWithFiltering.swift */,
				2DBA1B879DE0C4F136980DC9 /* BooleanDigitalSensor.swift */,
				2DBA10DF047A2327B7814D24 /* SensorValue.swift */,
			);
			path = Sensors;
			sourceTree = "<group>";
		};
		FA1BF78A23A3C7F400C5963A /* Utils */ = {
			isa = PBXGroup;
			children = (
				FA1BF78B23A3C7F400C5963A /* List.swift */,
				2DBA1ACEB5E5822DB7555A10 /* IdentifiableDevice.swift */,
			);
			path = Utils;
			sourceTree = "<group>";
		};
		FA1BF78E23A3C7F400C5963A /* Protocols */ = {
			isa = PBXGroup;
			children = (
				FA1BF78F23A3C7F400C5963A /* Pico */,
				FA1BF79123A3C7F400C5963A /* Tetra */,
				FA1BF79823A3C7F400C5963A /* ArduinoBoard.swift */,
			);
			path = Protocols;
			sourceTree = "<group>";
		};
		FA1BF78F23A3C7F400C5963A /* Pico */ = {
			isa = PBXGroup;
			children = (
				FA1BF79023A3C7F400C5963A /* PicoBoard.swift */,
			);
			path = Pico;
			sourceTree = "<group>";
		};
		FA1BF79123A3C7F400C5963A /* Tetra */ = {
			isa = PBXGroup;
			children = (
				FA1BF79223A3C7F400C5963A /* TetraProtocolPort.swift */,
				FA1BF79323A3C7F400C5963A /* TetraBoard.swift */,
				FA1BF79423A3C7F400C5963A /* TetraProtocolCommand.swift */,
				FA1BF79523A3C7F400C5963A /* DeviceHelpers */,
			);
			path = Tetra;
			sourceTree = "<group>";
		};
		FA1BF79523A3C7F400C5963A /* DeviceHelpers */ = {
			isa = PBXGroup;
			children = (
				FA1BF79623A3C7F400C5963A /* QuadDisplayHelper.swift */,
				FA1BF79723A3C7F400C5963A /* LEDMatrixHelper.swift */,
			);
			path = DeviceHelpers;
			sourceTree = "<group>";
		};
		FA1BF79923A3C7F400C5963A /* Serial */ = {
			isa = PBXGroup;
			children = (
				FA1BF79A23A3C7F400C5963A /* Serial.swift */,
			);
			path = Serial;
			sourceTree = "<group>";
		};
		OBJ_34 /* Products */ = {
			isa = PBXGroup;
			children = (
				"TetraSwift::TetraSwift::Product" /* TetraSwift.framework */,
				"TetraSwift::TetraCLI::Product" /* TetraCLI */,
			);
			name = Products;
			sourceTree = BUILT_PRODUCTS_DIR;
		};
		OBJ_5 = {
			isa = PBXGroup;
			children = (
				FA1BF77F23A3C7F400C5963A /* Application */,
				FA1BF78323A3C7F400C5963A /* Sources */,
				FA1BF78123A3C7F400C5963A /* Tests */,
				OBJ_34 /* Products */,
				OBJ_39 /* LICENSE */,
				OBJ_40 /* README.md */,
				OBJ_6 /* Package.swift */,
			);
			sourceTree = "<group>";
		};
/* End PBXGroup section */

/* Begin PBXNativeTarget section */
		"TetraSwift::SwiftPMPackageDescription" /* TetraSwiftPackageDescription */ = {
			isa = PBXNativeTarget;
			buildConfigurationList = OBJ_72 /* Build configuration list for PBXNativeTarget "TetraSwiftPackageDescription" */;
			buildPhases = (
				OBJ_75 /* Sources */,
			);
			buildRules = (
			);
			dependencies = (
			);
			name = TetraSwiftPackageDescription;
			productName = TetraSwiftPackageDescription;
			productType = "com.apple.product-type.framework";
		};
		"TetraSwift::TetraCLI" /* TetraCLI */ = {
			isa = PBXNativeTarget;
			buildConfigurationList = OBJ_42 /* Build configuration list for PBXNativeTarget "TetraCLI" */;
			buildPhases = (
				OBJ_45 /* Sources */,
				OBJ_47 /* Frameworks */,
			);
			buildRules = (
			);
			dependencies = (
				OBJ_49 /* PBXTargetDependency */,
			);
			name = TetraCLI;
			productName = TetraCLI;
			productReference = "TetraSwift::TetraCLI::Product" /* TetraCLI */;
			productType = "com.apple.product-type.tool";
		};
		"TetraSwift::TetraSwift" /* TetraSwift */ = {
			isa = PBXNativeTarget;
			buildConfigurationList = OBJ_51 /* Build configuration list for PBXNativeTarget "TetraSwift" */;
			buildPhases = (
				OBJ_54 /* Sources */,
				OBJ_70 /* Frameworks */,
			);
			buildRules = (
			);
			dependencies = (
			);
			name = TetraSwift;
			productName = TetraSwift;
			productReference = "TetraSwift::TetraSwift::Product" /* TetraSwift.framework */;
			productType = "com.apple.product-type.framework";
		};
/* End PBXNativeTarget section */

/* Begin PBXProject section */
		OBJ_1 /* Project object */ = {
			isa = PBXProject;
			attributes = {
				LastSwiftMigration = 9999;
				LastUpgradeCheck = 1120;
			};
			buildConfigurationList = OBJ_2 /* Build configuration list for PBXProject "TetraSwift" */;
			compatibilityVersion = "Xcode 3.2";
			developmentRegion = en;
			hasScannedForEncodings = 0;
			knownRegions = (
				en,
				Base,
			);
			mainGroup = OBJ_5;
			productRefGroup = OBJ_34 /* Products */;
			projectDirPath = "";
			projectRoot = "";
			targets = (
				"TetraSwift::TetraCLI" /* TetraCLI */,
				"TetraSwift::TetraSwift" /* TetraSwift */,
				"TetraSwift::SwiftPMPackageDescription" /* TetraSwiftPackageDescription */,
				"TetraSwift::tetracli::ProductTarget" /* tetracli */,
			);
		};
/* End PBXProject section */

/* Begin PBXSourcesBuildPhase section */
		OBJ_45 /* Sources */ = {
			isa = PBXSourcesBuildPhase;
			buildActionMask = 0;
			files = (
				FA1BF7AC23A3C80F00C5963A /* main.swift in Sources */,
				2DBA1CEAAAB0F68DE298EB67 /* Tetra.swift in Sources */,
			);
			runOnlyForDeploymentPostprocessing = 0;
		};
		OBJ_54 /* Sources */ = {
			isa = PBXSourcesBuildPhase;
			buildActionMask = 0;
			files = (
				FA1BF79F23A3C7F400C5963A /* IOPort.swift in Sources */,
				FA1BF7A923A3C7F400C5963A /* LEDMatrixHelper.swift in Sources */,
				FA1BF7A123A3C7F400C5963A /* List.swift in Sources */,
				FA1BF7AA23A3C7F400C5963A /* ArduinoBoard.swift in Sources */,
				FA1BF7A523A3C7F400C5963A /* TetraProtocolPort.swift in Sources */,
				FA1BF7A823A3C7F400C5963A /* QuadDisplayHelper.swift in Sources */,
				FA1BF7A223A3C7F400C5963A /* TetraInterface.swift in Sources */,
				FA1BF7A723A3C7F400C5963A /* TetraProtocolCommand.swift in Sources */,
				FA1BF7AB23A3C7F400C5963A /* Serial.swift in Sources */,
				FA1BF7A423A3C7F400C5963A /* PicoBoard.swift in Sources */,
				FA1BF7A623A3C7F400C5963A /* TetraBoard.swift in Sources */,
				2DBA13FEE8465344DFE68D73 /* Sensor.swift in Sources */,
				2DBA1430F44552087038C2FE /* AnalogSensorWithFiltering.swift in Sources */,
				2DBA159D6E8195FA3457D4A0 /* BooleanDigitalSensor.swift in Sources */,
				2DBA186F07C2A5EE46502507 /* Actuator.swift in Sources */,
				2DBA11C1CE11B2C09EAD492F /* LimitedAnalogActuator.swift in Sources */,
				2DBA1FD28E8F39462ED09F9C /* BooleanDigitalActuator.swift in Sources */,
				2DBA105AAD13707872D6F822 /* QuadNumericDisplayActuator.swift in Sources */,
				2DBA1228902508767203BCAD /* LEDMatrixActuator.swift in Sources */,
				2DBA19B236914BEDC5C8660E /* Sensors.swift in Sources */,
				2DBA1AD990DF13B973D67577 /* Actuators.swift in Sources */,
				2DBA1DB25BD63B976C8D6063 /* DeviceKind.swift in Sources */,
				2DBA1BFEBAB6DB44B453C33E /* IdentifiableDevice.swift in Sources */,
				2DBA1AF6B01C8AA6C7282366 /* SensorValue.swift in Sources */,
			);
			runOnlyForDeploymentPostprocessing = 0;
		};
		OBJ_75 /* Sources */ = {
			isa = PBXSourcesBuildPhase;
			buildActionMask = 0;
			files = (
				OBJ_76 /* Package.swift in Sources */,
			);
			runOnlyForDeploymentPostprocessing = 0;
		};
/* End PBXSourcesBuildPhase section */

/* Begin PBXTargetDependency section */
		OBJ_49 /* PBXTargetDependency */ = {
			isa = PBXTargetDependency;
			target = "TetraSwift::TetraSwift" /* TetraSwift */;
			targetProxy = FA65AD1C239C4E7900CE2E10 /* PBXContainerItemProxy */;
		};
		OBJ_81 /* PBXTargetDependency */ = {
			isa = PBXTargetDependency;
			target = "TetraSwift::TetraCLI" /* TetraCLI */;
			targetProxy = FA65AD1D239C4E7C00CE2E10 /* PBXContainerItemProxy */;
		};
/* End PBXTargetDependency section */

/* Begin XCBuildConfiguration section */
		OBJ_3 /* Debug */ = {
			isa = XCBuildConfiguration;
			buildSettings = {
				CLANG_ENABLE_OBJC_ARC = YES;
				CLANG_WARN_BLOCK_CAPTURE_AUTORELEASING = YES;
				CLANG_WARN_BOOL_CONVERSION = YES;
				CLANG_WARN_COMMA = YES;
				CLANG_WARN_CONSTANT_CONVERSION = YES;
				CLANG_WARN_DEPRECATED_OBJC_IMPLEMENTATIONS = YES;
				CLANG_WARN_EMPTY_BODY = YES;
				CLANG_WARN_ENUM_CONVERSION = YES;
				CLANG_WARN_INFINITE_RECURSION = YES;
				CLANG_WARN_INT_CONVERSION = YES;
				CLANG_WARN_NON_LITERAL_NULL_CONVERSION = YES;
				CLANG_WARN_OBJC_IMPLICIT_RETAIN_SELF = YES;
				CLANG_WARN_OBJC_LITERAL_CONVERSION = YES;
				CLANG_WARN_RANGE_LOOP_ANALYSIS = YES;
				CLANG_WARN_STRICT_PROTOTYPES = YES;
				CLANG_WARN_SUSPICIOUS_MOVE = YES;
				CLANG_WARN_UNREACHABLE_CODE = YES;
				CLANG_WARN__DUPLICATE_METHOD_MATCH = YES;
				COMBINE_HIDPI_IMAGES = YES;
				COPY_PHASE_STRIP = NO;
				DEBUG_INFORMATION_FORMAT = dwarf;
				DYLIB_INSTALL_NAME_BASE = "@rpath";
				ENABLE_NS_ASSERTIONS = YES;
				ENABLE_STRICT_OBJC_MSGSEND = YES;
				ENABLE_TESTABILITY = YES;
				GCC_NO_COMMON_BLOCKS = YES;
				GCC_OPTIMIZATION_LEVEL = 0;
				GCC_PREPROCESSOR_DEFINITIONS = (
					"$(inherited)",
					"SWIFT_PACKAGE=1",
					"DEBUG=1",
				);
				GCC_WARN_64_TO_32_BIT_CONVERSION = YES;
				GCC_WARN_ABOUT_RETURN_TYPE = YES;
				GCC_WARN_UNDECLARED_SELECTOR = YES;
				GCC_WARN_UNINITIALIZED_AUTOS = YES;
				GCC_WARN_UNUSED_FUNCTION = YES;
				GCC_WARN_UNUSED_VARIABLE = YES;
				MACOSX_DEPLOYMENT_TARGET = 10.15;
				ONLY_ACTIVE_ARCH = YES;
				OTHER_SWIFT_FLAGS = "$(inherited) -DXcode";
				PRODUCT_NAME = "$(TARGET_NAME)";
				SDKROOT = macosx;
				SUPPORTED_PLATFORMS = "macosx iphoneos iphonesimulator appletvos appletvsimulator watchos watchsimulator";
				SWIFT_ACTIVE_COMPILATION_CONDITIONS = "$(inherited) SWIFT_PACKAGE DEBUG";
				SWIFT_OPTIMIZATION_LEVEL = "-Onone";
				USE_HEADERMAP = NO;
			};
			name = Debug;
		};
		OBJ_4 /* Release */ = {
			isa = XCBuildConfiguration;
			buildSettings = {
				CLANG_ENABLE_OBJC_ARC = YES;
				CLANG_WARN_BLOCK_CAPTURE_AUTORELEASING = YES;
				CLANG_WARN_BOOL_CONVERSION = YES;
				CLANG_WARN_COMMA = YES;
				CLANG_WARN_CONSTANT_CONVERSION = YES;
				CLANG_WARN_DEPRECATED_OBJC_IMPLEMENTATIONS = YES;
				CLANG_WARN_EMPTY_BODY = YES;
				CLANG_WARN_ENUM_CONVERSION = YES;
				CLANG_WARN_INFINITE_RECURSION = YES;
				CLANG_WARN_INT_CONVERSION = YES;
				CLANG_WARN_NON_LITERAL_NULL_CONVERSION = YES;
				CLANG_WARN_OBJC_IMPLICIT_RETAIN_SELF = YES;
				CLANG_WARN_OBJC_LITERAL_CONVERSION = YES;
				CLANG_WARN_RANGE_LOOP_ANALYSIS = YES;
				CLANG_WARN_STRICT_PROTOTYPES = YES;
				CLANG_WARN_SUSPICIOUS_MOVE = YES;
				CLANG_WARN_UNREACHABLE_CODE = YES;
				CLANG_WARN__DUPLICATE_METHOD_MATCH = YES;
				COMBINE_HIDPI_IMAGES = YES;
				COPY_PHASE_STRIP = YES;
				DEBUG_INFORMATION_FORMAT = "dwarf-with-dsym";
				DYLIB_INSTALL_NAME_BASE = "@rpath";
				ENABLE_STRICT_OBJC_MSGSEND = YES;
				GCC_NO_COMMON_BLOCKS = YES;
				GCC_OPTIMIZATION_LEVEL = s;
				GCC_PREPROCESSOR_DEFINITIONS = (
					"$(inherited)",
					"SWIFT_PACKAGE=1",
				);
				GCC_WARN_64_TO_32_BIT_CONVERSION = YES;
				GCC_WARN_ABOUT_RETURN_TYPE = YES;
				GCC_WARN_UNDECLARED_SELECTOR = YES;
				GCC_WARN_UNINITIALIZED_AUTOS = YES;
				GCC_WARN_UNUSED_FUNCTION = YES;
				GCC_WARN_UNUSED_VARIABLE = YES;
				MACOSX_DEPLOYMENT_TARGET = 10.15;
				OTHER_SWIFT_FLAGS = "$(inherited) -DXcode";
				PRODUCT_NAME = "$(TARGET_NAME)";
				SDKROOT = macosx;
				SUPPORTED_PLATFORMS = "macosx iphoneos iphonesimulator appletvos appletvsimulator watchos watchsimulator";
				SWIFT_ACTIVE_COMPILATION_CONDITIONS = "$(inherited) SWIFT_PACKAGE";
				SWIFT_OPTIMIZATION_LEVEL = "-Owholemodule";
				USE_HEADERMAP = NO;
			};
			name = Release;
		};
		OBJ_43 /* Debug */ = {
			isa = XCBuildConfiguration;
			buildSettings = {
				CODE_SIGN_IDENTITY = "-";
				FRAMEWORK_SEARCH_PATHS = (
					"$(inherited)",
					"$(PLATFORM_DIR)/Developer/Library/Frameworks",
				);
				HEADER_SEARCH_PATHS = "$(inherited)";
				INFOPLIST_FILE = TetraSwift.xcodeproj/TetraCLI_Info.plist;
				IPHONEOS_DEPLOYMENT_TARGET = 8.0;
				LD_RUNPATH_SEARCH_PATHS = "$(inherited) $(TOOLCHAIN_DIR)/usr/lib/swift/macosx @executable_path";
				MACOSX_DEPLOYMENT_TARGET = 10.15;
				OTHER_CFLAGS = "$(inherited)";
				OTHER_LDFLAGS = "$(inherited)";
				OTHER_SWIFT_FLAGS = "$(inherited)";
				SWIFT_ACTIVE_COMPILATION_CONDITIONS = "$(inherited)";
				SWIFT_FORCE_DYNAMIC_LINK_STDLIB = YES;
				SWIFT_FORCE_STATIC_LINK_STDLIB = NO;
				SWIFT_VERSION = 5.0;
				TARGET_NAME = TetraCLI;
				TVOS_DEPLOYMENT_TARGET = 9.0;
				WATCHOS_DEPLOYMENT_TARGET = 2.0;
			};
			name = Debug;
		};
		OBJ_44 /* Release */ = {
			isa = XCBuildConfiguration;
			buildSettings = {
				CODE_SIGN_IDENTITY = "-";
				FRAMEWORK_SEARCH_PATHS = (
					"$(inherited)",
					"$(PLATFORM_DIR)/Developer/Library/Frameworks",
				);
				HEADER_SEARCH_PATHS = "$(inherited)";
				INFOPLIST_FILE = TetraSwift.xcodeproj/TetraCLI_Info.plist;
				IPHONEOS_DEPLOYMENT_TARGET = 8.0;
				LD_RUNPATH_SEARCH_PATHS = "$(inherited) $(TOOLCHAIN_DIR)/usr/lib/swift/macosx @executable_path";
				MACOSX_DEPLOYMENT_TARGET = 10.15;
				OTHER_CFLAGS = "$(inherited)";
				OTHER_LDFLAGS = "$(inherited)";
				OTHER_SWIFT_FLAGS = "$(inherited)";
				SWIFT_ACTIVE_COMPILATION_CONDITIONS = "$(inherited)";
				SWIFT_FORCE_DYNAMIC_LINK_STDLIB = YES;
				SWIFT_FORCE_STATIC_LINK_STDLIB = NO;
				SWIFT_VERSION = 5.0;
				TARGET_NAME = TetraCLI;
				TVOS_DEPLOYMENT_TARGET = 9.0;
				WATCHOS_DEPLOYMENT_TARGET = 2.0;
			};
			name = Release;
		};
		OBJ_52 /* Debug */ = {
			isa = XCBuildConfiguration;
			buildSettings = {
				DEFINES_MODULE = YES;
				ENABLE_TESTABILITY = YES;
				FRAMEWORK_SEARCH_PATHS = (
					"$(inherited)",
					"$(PLATFORM_DIR)/Developer/Library/Frameworks",
				);
				HEADER_SEARCH_PATHS = "$(inherited)";
				INFOPLIST_FILE = TetraSwift.xcodeproj/TetraSwift_Info.plist;
				IPHONEOS_DEPLOYMENT_TARGET = 8.0;
				LD_RUNPATH_SEARCH_PATHS = "$(inherited) $(TOOLCHAIN_DIR)/usr/lib/swift/macosx";
				MACOSX_DEPLOYMENT_TARGET = 10.15;
				OTHER_CFLAGS = "$(inherited)";
				OTHER_LDFLAGS = "$(inherited)";
				OTHER_SWIFT_FLAGS = "$(inherited)";
				PRODUCT_BUNDLE_IDENTIFIER = TetraSwift;
				PRODUCT_MODULE_NAME = "$(TARGET_NAME:c99extidentifier)";
				PRODUCT_NAME = "$(TARGET_NAME:c99extidentifier)";
				SKIP_INSTALL = YES;
				SWIFT_ACTIVE_COMPILATION_CONDITIONS = "$(inherited)";
				SWIFT_VERSION = 5.0;
				TARGET_NAME = TetraSwift;
				TVOS_DEPLOYMENT_TARGET = 9.0;
				WATCHOS_DEPLOYMENT_TARGET = 2.0;
			};
			name = Debug;
		};
		OBJ_53 /* Release */ = {
			isa = XCBuildConfiguration;
			buildSettings = {
				DEFINES_MODULE = YES;
				ENABLE_TESTABILITY = YES;
				FRAMEWORK_SEARCH_PATHS = (
					"$(inherited)",
					"$(PLATFORM_DIR)/Developer/Library/Frameworks",
				);
				HEADER_SEARCH_PATHS = "$(inherited)";
				INFOPLIST_FILE = TetraSwift.xcodeproj/TetraSwift_Info.plist;
				IPHONEOS_DEPLOYMENT_TARGET = 8.0;
				LD_RUNPATH_SEARCH_PATHS = "$(inherited) $(TOOLCHAIN_DIR)/usr/lib/swift/macosx";
				MACOSX_DEPLOYMENT_TARGET = 10.15;
				OTHER_CFLAGS = "$(inherited)";
				OTHER_LDFLAGS = "$(inherited)";
				OTHER_SWIFT_FLAGS = "$(inherited)";
				PRODUCT_BUNDLE_IDENTIFIER = TetraSwift;
				PRODUCT_MODULE_NAME = "$(TARGET_NAME:c99extidentifier)";
				PRODUCT_NAME = "$(TARGET_NAME:c99extidentifier)";
				SKIP_INSTALL = YES;
				SWIFT_ACTIVE_COMPILATION_CONDITIONS = "$(inherited)";
				SWIFT_VERSION = 5.0;
				TARGET_NAME = TetraSwift;
				TVOS_DEPLOYMENT_TARGET = 9.0;
				WATCHOS_DEPLOYMENT_TARGET = 2.0;
			};
			name = Release;
		};
		OBJ_73 /* Debug */ = {
			isa = XCBuildConfiguration;
			buildSettings = {
				LD = /usr/bin/true;
				MACOSX_DEPLOYMENT_TARGET = 10.15;
				OTHER_SWIFT_FLAGS = "-swift-version 5 -I $(TOOLCHAIN_DIR)/usr/lib/swift/pm/4_2 -target x86_64-apple-macosx10.10 -sdk /Applications/Xcode.11.2.1.app/Contents/Developer/Platforms/MacOSX.platform/Developer/SDKs/MacOSX10.15.sdk -package-description-version 5.1";
				SWIFT_VERSION = 5.0;
			};
			name = Debug;
		};
		OBJ_74 /* Release */ = {
			isa = XCBuildConfiguration;
			buildSettings = {
				LD = /usr/bin/true;
				MACOSX_DEPLOYMENT_TARGET = 10.15;
				OTHER_SWIFT_FLAGS = "-swift-version 5 -I $(TOOLCHAIN_DIR)/usr/lib/swift/pm/4_2 -target x86_64-apple-macosx10.10 -sdk /Applications/Xcode.11.2.1.app/Contents/Developer/Platforms/MacOSX.platform/Developer/SDKs/MacOSX10.15.sdk -package-description-version 5.1";
				SWIFT_VERSION = 5.0;
			};
			name = Release;
		};
		OBJ_79 /* Debug */ = {
			isa = XCBuildConfiguration;
			buildSettings = {
			};
			name = Debug;
		};
		OBJ_80 /* Release */ = {
			isa = XCBuildConfiguration;
			buildSettings = {
			};
			name = Release;
		};
/* End XCBuildConfiguration section */

/* Begin XCConfigurationList section */
		OBJ_2 /* Build configuration list for PBXProject "TetraSwift" */ = {
			isa = XCConfigurationList;
			buildConfigurations = (
				OBJ_3 /* Debug */,
				OBJ_4 /* Release */,
			);
			defaultConfigurationIsVisible = 0;
			defaultConfigurationName = Release;
		};
		OBJ_42 /* Build configuration list for PBXNativeTarget "TetraCLI" */ = {
			isa = XCConfigurationList;
			buildConfigurations = (
				OBJ_43 /* Debug */,
				OBJ_44 /* Release */,
			);
			defaultConfigurationIsVisible = 0;
			defaultConfigurationName = Release;
		};
		OBJ_51 /* Build configuration list for PBXNativeTarget "TetraSwift" */ = {
			isa = XCConfigurationList;
			buildConfigurations = (
				OBJ_52 /* Debug */,
				OBJ_53 /* Release */,
			);
			defaultConfigurationIsVisible = 0;
			defaultConfigurationName = Release;
		};
		OBJ_72 /* Build configuration list for PBXNativeTarget "TetraSwiftPackageDescription" */ = {
			isa = XCConfigurationList;
			buildConfigurations = (
				OBJ_73 /* Debug */,
				OBJ_74 /* Release */,
			);
			defaultConfigurationIsVisible = 0;
			defaultConfigurationName = Release;
		};
		OBJ_78 /* Build configuration list for PBXAggregateTarget "tetracli" */ = {
			isa = XCConfigurationList;
			buildConfigurations = (
				OBJ_79 /* Debug */,
				OBJ_80 /* Release */,
			);
			defaultConfigurationIsVisible = 0;
			defaultConfigurationName = Release;
		};
/* End XCConfigurationList section */
	};
	rootObject = OBJ_1 /* Project object */;
}
